
Microsoft Visual Studio Solution File, Format Version 12.00
# Visual Studio Version 17
VisualStudioVersion = 17.8.34330.188
MinimumVisualStudioVersion = 10.0.40219.1
Project("{FAE04EC0-301F-11D3-BF4B-00C04F79EFBC}") = "CPSYFinalProject", "CPSYFinalProject\CPSYFinalProject.csproj", "{19EF749D-3818-4CD2-ABA0-B842BFD3C357}"
EndProject
Global
	GlobalSection(SolutionConfigurationPlatforms) = preSolution
		Debug|Any CPU = Debug|Any CPU
		Release|Any CPU = Release|Any CPU
	EndGlobalSection
	GlobalSection(ProjectConfigurationPlatforms) = postSolution
		{19EF749D-3818-4CD2-ABA0-B842BFD3C357}.Debug|Any CPU.ActiveCfg = Debug|Any CPU
		{19EF749D-3818-4CD2-ABA0-B842BFD3C357}.Debug|Any CPU.Build.0 = Debug|Any CPU
		{19EF749D-3818-4CD2-ABA0-B842BFD3C357}.Release|Any CPU.ActiveCfg = Release|Any CPU
		{19EF749D-3818-4CD2-ABA0-B842BFD3C357}.Release|Any CPU.Build.0 = Release|Any CPU
	EndGlobalSection
	GlobalSection(SolutionProperties) = preSolution
		HideSolutionNode = FALSE
	EndGlobalSection
	GlobalSection(ExtensibilityGlobals) = postSolution
		SolutionGuid = {77747C01-1A88-4EE6-92AE-95D42E768D8D}
	EndGlobalSection
EndGlobal
